
Microsoft Visual Studio Solution File, Format Version 12.00
# Visual Studio Version 17
VisualStudioVersion = 17.8.34316.72
MinimumVisualStudioVersion = 10.0.40219.1
Project("{FAE04EC0-301F-11D3-BF4B-00C04F79EFBC}") = "MyRMQPro", "MyRMQPro.csproj", "{3A3A7C19-0C22-492C-A71A-94695F5BBEA4}"
EndProject
Global
	GlobalSection(SolutionConfigurationPlatforms) = preSolution
		Debug|Any CPU = Debug|Any CPU
		Release|Any CPU = Release|Any CPU
	EndGlobalSection
	GlobalSection(ProjectConfigurationPlatforms) = postSolution
		{3A3A7C19-0C22-492C-A71A-94695F5BBEA4}.Debug|Any CPU.ActiveCfg = Debug|Any CPU
		{3A3A7C19-0C22-492C-A71A-94695F5BBEA4}.Debug|Any CPU.Build.0 = Debug|Any CPU
		{3A3A7C19-0C22-492C-A71A-94695F5BBEA4}.Release|Any CPU.ActiveCfg = Release|Any CPU
		{3A3A7C19-0C22-492C-A71A-94695F5BBEA4}.Release|Any CPU.Build.0 = Release|Any CPU
	EndGlobalSection
	GlobalSection(SolutionProperties) = preSolution
		HideSolutionNode = FALSE
	EndGlobalSection
	GlobalSection(ExtensibilityGlobals) = postSolution
		SolutionGuid = {D00A9785-CD41-4607-AE23-601CD87F6454}
	EndGlobalSection
EndGlobal
